
Microsoft Visual Studio Solution File, Format Version 12.00
# Visual Studio Version 16
VisualStudioVersion = 16.0.32126.315
MinimumVisualStudioVersion = 10.0.40219.1
Project("{9A19103F-16F7-4668-BE54-9A1E7A4F7556}") = "AuthService.API", "AuthService.API\AuthService.API.csproj", "{33B83478-C8A5-4FFE-863C-88254B94EC00}"
EndProject
Project("{00D1A9C2-B5F0-4AF3-8072-F6C62B433612}") = "AuthDB", "AuthDB\AuthDB.sqlproj", "{F32C2A91-E79D-4881-B842-46AFC6720425}"
EndProject
Project("{9A19103F-16F7-4668-BE54-9A1E7A4F7556}") = "AuthService.DataLibrary", "AuthService.DataLibrary\AuthService.DataLibrary.csproj", "{604319F6-0AED-4501-96FC-CC0AA5CB4B5B}"
EndProject
Project("{2150E333-8FDC-42A3-9474-1A3956D46DE8}") = "AuthService", "AuthService", "{FBFCD3BC-5820-45CC-9E26-DC364DD4D033}"
EndProject
Project("{2150E333-8FDC-42A3-9474-1A3956D46DE8}") = "UserService", "UserService", "{FEE267C5-265B-4814-A882-AAF0527C5960}"
EndProject
Project("{9A19103F-16F7-4668-BE54-9A1E7A4F7556}") = "UserService.DataLibrary", "UserService.DataLibrary\UserService.DataLibrary.csproj", "{36525A8D-A8F2-45F5-B92F-B8647E047B55}"
EndProject
Project("{00D1A9C2-B5F0-4AF3-8072-F6C62B433612}") = "User.DB", "User.DB\User.DB.sqlproj", "{0108EAE7-0A0F-4FCF-9A41-19B5B15179C8}"
EndProject
Project("{9A19103F-16F7-4668-BE54-9A1E7A4F7556}") = "UserService.API", "UserService.API\UserService.API.csproj", "{11B2ACD1-3064-4060-823C-16D24B3D0730}"
EndProject
Project("{9A19103F-16F7-4668-BE54-9A1E7A4F7556}") = "UserServiceTest", "UserServiceTest\UserServiceTest.csproj", "{BFB76699-EF40-4C54-98B5-F2F8613D15AD}"
EndProject
Project("{2150E333-8FDC-42A3-9474-1A3956D46DE8}") = "Integration", "Integration", "{A512597E-5DC0-4A73-BF5A-3F97A49C0A3C}"
EndProject
Project("{FAE04EC0-301F-11D3-BF4B-00C04F79EFBC}") = "Derby.MessageBus", "Derby.MessageBus\Derby.MessageBus.csproj", "{CA4639E0-62D3-4CDC-8611-2FE78F88F5CD}"
EndProject
Global
	GlobalSection(SolutionConfigurationPlatforms) = preSolution
		Debug|Any CPU = Debug|Any CPU
		Release|Any CPU = Release|Any CPU
	EndGlobalSection
	GlobalSection(ProjectConfigurationPlatforms) = postSolution
		{33B83478-C8A5-4FFE-863C-88254B94EC00}.Debug|Any CPU.ActiveCfg = Debug|Any CPU
		{33B83478-C8A5-4FFE-863C-88254B94EC00}.Debug|Any CPU.Build.0 = Debug|Any CPU
		{33B83478-C8A5-4FFE-863C-88254B94EC00}.Release|Any CPU.ActiveCfg = Release|Any CPU
		{33B83478-C8A5-4FFE-863C-88254B94EC00}.Release|Any CPU.Build.0 = Release|Any CPU
		{F32C2A91-E79D-4881-B842-46AFC6720425}.Debug|Any CPU.ActiveCfg = Debug|Any CPU
		{F32C2A91-E79D-4881-B842-46AFC6720425}.Debug|Any CPU.Build.0 = Debug|Any CPU
		{F32C2A91-E79D-4881-B842-46AFC6720425}.Debug|Any CPU.Deploy.0 = Debug|Any CPU
		{F32C2A91-E79D-4881-B842-46AFC6720425}.Release|Any CPU.ActiveCfg = Release|Any CPU
		{F32C2A91-E79D-4881-B842-46AFC6720425}.Release|Any CPU.Build.0 = Release|Any CPU
		{F32C2A91-E79D-4881-B842-46AFC6720425}.Release|Any CPU.Deploy.0 = Release|Any CPU
		{604319F6-0AED-4501-96FC-CC0AA5CB4B5B}.Debug|Any CPU.ActiveCfg = Debug|Any CPU
		{604319F6-0AED-4501-96FC-CC0AA5CB4B5B}.Debug|Any CPU.Build.0 = Debug|Any CPU
		{604319F6-0AED-4501-96FC-CC0AA5CB4B5B}.Release|Any CPU.ActiveCfg = Release|Any CPU
		{604319F6-0AED-4501-96FC-CC0AA5CB4B5B}.Release|Any CPU.Build.0 = Release|Any CPU
		{36525A8D-A8F2-45F5-B92F-B8647E047B55}.Debug|Any CPU.ActiveCfg = Debug|Any CPU
		{36525A8D-A8F2-45F5-B92F-B8647E047B55}.Debug|Any CPU.Build.0 = Debug|Any CPU
		{36525A8D-A8F2-45F5-B92F-B8647E047B55}.Release|Any CPU.ActiveCfg = Release|Any CPU
		{36525A8D-A8F2-45F5-B92F-B8647E047B55}.Release|Any CPU.Build.0 = Release|Any CPU
		{0108EAE7-0A0F-4FCF-9A41-19B5B15179C8}.Debug|Any CPU.ActiveCfg = Debug|Any CPU
		{0108EAE7-0A0F-4FCF-9A41-19B5B15179C8}.Debug|Any CPU.Build.0 = Debug|Any CPU
		{0108EAE7-0A0F-4FCF-9A41-19B5B15179C8}.Debug|Any CPU.Deploy.0 = Debug|Any CPU
		{0108EAE7-0A0F-4FCF-9A41-19B5B15179C8}.Release|Any CPU.ActiveCfg = Release|Any CPU
		{0108EAE7-0A0F-4FCF-9A41-19B5B15179C8}.Release|Any CPU.Build.0 = Release|Any CPU
		{0108EAE7-0A0F-4FCF-9A41-19B5B15179C8}.Release|Any CPU.Deploy.0 = Release|Any CPU
		{11B2ACD1-3064-4060-823C-16D24B3D0730}.Debug|Any CPU.ActiveCfg = Debug|Any CPU
		{11B2ACD1-3064-4060-823C-16D24B3D0730}.Debug|Any CPU.Build.0 = Debug|Any CPU
		{11B2ACD1-3064-4060-823C-16D24B3D0730}.Release|Any CPU.ActiveCfg = Release|Any CPU
		{11B2ACD1-3064-4060-823C-16D24B3D0730}.Release|Any CPU.Build.0 = Release|Any CPU
		{BFB76699-EF40-4C54-98B5-F2F8613D15AD}.Debug|Any CPU.ActiveCfg = Debug|Any CPU
		{BFB76699-EF40-4C54-98B5-F2F8613D15AD}.Debug|Any CPU.Build.0 = Debug|Any CPU
		{BFB76699-EF40-4C54-98B5-F2F8613D15AD}.Release|Any CPU.ActiveCfg = Release|Any CPU
		{BFB76699-EF40-4C54-98B5-F2F8613D15AD}.Release|Any CPU.Build.0 = Release|Any CPU
		{CA4639E0-62D3-4CDC-8611-2FE78F88F5CD}.Debug|Any CPU.ActiveCfg = Debug|Any CPU
		{CA4639E0-62D3-4CDC-8611-2FE78F88F5CD}.Debug|Any CPU.Build.0 = Debug|Any CPU
		{CA4639E0-62D3-4CDC-8611-2FE78F88F5CD}.Release|Any CPU.ActiveCfg = Release|Any CPU
		{CA4639E0-62D3-4CDC-8611-2FE78F88F5CD}.Release|Any CPU.Build.0 = Release|Any CPU
	EndGlobalSection
	GlobalSection(SolutionProperties) = preSolution
		HideSolutionNode = FALSE
	EndGlobalSection
	GlobalSection(NestedProjects) = preSolution
		{33B83478-C8A5-4FFE-863C-88254B94EC00} = {FBFCD3BC-5820-45CC-9E26-DC364DD4D033}
		{F32C2A91-E79D-4881-B842-46AFC6720425} = {FBFCD3BC-5820-45CC-9E26-DC364DD4D033}
		{604319F6-0AED-4501-96FC-CC0AA5CB4B5B} = {FBFCD3BC-5820-45CC-9E26-DC364DD4D033}
		{36525A8D-A8F2-45F5-B92F-B8647E047B55} = {FEE267C5-265B-4814-A882-AAF0527C5960}
		{0108EAE7-0A0F-4FCF-9A41-19B5B15179C8} = {FEE267C5-265B-4814-A882-AAF0527C5960}
		{11B2ACD1-3064-4060-823C-16D24B3D0730} = {FEE267C5-265B-4814-A882-AAF0527C5960}
		{BFB76699-EF40-4C54-98B5-F2F8613D15AD} = {FEE267C5-265B-4814-A882-AAF0527C5960}
		{CA4639E0-62D3-4CDC-8611-2FE78F88F5CD} = {A512597E-5DC0-4A73-BF5A-3F97A49C0A3C}
	EndGlobalSection
	GlobalSection(ExtensibilityGlobals) = postSolution
		SolutionGuid = {8A0C72F5-5148-4004-A206-3B27869C7342}
	EndGlobalSection
EndGlobal
