
Microsoft Visual Studio Solution File, Format Version 12.00
# Visual Studio Version 16
VisualStudioVersion = 16.0.32126.315
MinimumVisualStudioVersion = 10.0.40219.1
Project("{9A19103F-16F7-4668-BE54-9A1E7A4F7556}") = "UserService.API", "UserService.API\UserService.API.csproj", "{3DBBE78B-331C-44CD-B59E-7C27B2F44B05}"
EndProject
Project("{00D1A9C2-B5F0-4AF3-8072-F6C62B433612}") = "User.DB", "User.DB\User.DB.sqlproj", "{266DE18B-8171-4329-9B55-D27C60850FA0}"
EndProject
Project("{9A19103F-16F7-4668-BE54-9A1E7A4F7556}") = "UserService.DataLibrary", "UserService.DataLibrary\UserService.DataLibrary.csproj", "{CAC7C35A-0E9B-4CCE-ADBD-B87B75D3F051}"
EndProject
Project("{FAE04EC0-301F-11D3-BF4B-00C04F79EFBC}") = "UserServiceTest", "UserServiceTest\UserServiceTest.csproj", "{2D6212E8-AC44-4500-9ADB-6A25FF0FE69C}"
EndProject
Global
	GlobalSection(SolutionConfigurationPlatforms) = preSolution
		Debug|Any CPU = Debug|Any CPU
		Release|Any CPU = Release|Any CPU
	EndGlobalSection
	GlobalSection(ProjectConfigurationPlatforms) = postSolution
		{3DBBE78B-331C-44CD-B59E-7C27B2F44B05}.Debug|Any CPU.ActiveCfg = Debug|Any CPU
		{3DBBE78B-331C-44CD-B59E-7C27B2F44B05}.Debug|Any CPU.Build.0 = Debug|Any CPU
		{3DBBE78B-331C-44CD-B59E-7C27B2F44B05}.Release|Any CPU.ActiveCfg = Release|Any CPU
		{3DBBE78B-331C-44CD-B59E-7C27B2F44B05}.Release|Any CPU.Build.0 = Release|Any CPU
		{266DE18B-8171-4329-9B55-D27C60850FA0}.Debug|Any CPU.ActiveCfg = Debug|Any CPU
		{266DE18B-8171-4329-9B55-D27C60850FA0}.Debug|Any CPU.Build.0 = Debug|Any CPU
		{266DE18B-8171-4329-9B55-D27C60850FA0}.Debug|Any CPU.Deploy.0 = Debug|Any CPU
		{266DE18B-8171-4329-9B55-D27C60850FA0}.Release|Any CPU.ActiveCfg = Release|Any CPU
		{266DE18B-8171-4329-9B55-D27C60850FA0}.Release|Any CPU.Build.0 = Release|Any CPU
		{266DE18B-8171-4329-9B55-D27C60850FA0}.Release|Any CPU.Deploy.0 = Release|Any CPU
		{CAC7C35A-0E9B-4CCE-ADBD-B87B75D3F051}.Debug|Any CPU.ActiveCfg = Debug|Any CPU
		{CAC7C35A-0E9B-4CCE-ADBD-B87B75D3F051}.Debug|Any CPU.Build.0 = Debug|Any CPU
		{CAC7C35A-0E9B-4CCE-ADBD-B87B75D3F051}.Release|Any CPU.ActiveCfg = Release|Any CPU
		{CAC7C35A-0E9B-4CCE-ADBD-B87B75D3F051}.Release|Any CPU.Build.0 = Release|Any CPU
		{2D6212E8-AC44-4500-9ADB-6A25FF0FE69C}.Debug|Any CPU.ActiveCfg = Debug|Any CPU
		{2D6212E8-AC44-4500-9ADB-6A25FF0FE69C}.Debug|Any CPU.Build.0 = Debug|Any CPU
		{2D6212E8-AC44-4500-9ADB-6A25FF0FE69C}.Release|Any CPU.ActiveCfg = Release|Any CPU
		{2D6212E8-AC44-4500-9ADB-6A25FF0FE69C}.Release|Any CPU.Build.0 = Release|Any CPU
	EndGlobalSection
	GlobalSection(SolutionProperties) = preSolution
		HideSolutionNode = FALSE
	EndGlobalSection
	GlobalSection(ExtensibilityGlobals) = postSolution
		SolutionGuid = {8E59CB8B-8CB9-46C3-9129-02F89CF361FE}
	EndGlobalSection
EndGlobal
