
Microsoft Visual Studio Solution File, Format Version 12.00
# Visual Studio Version 16
VisualStudioVersion = 16.0.32126.315
MinimumVisualStudioVersion = 10.0.40219.1
Project("{FAE04EC0-301F-11D3-BF4B-00C04F79EFBC}") = "AuthService.API", "AuthService.API\AuthService.API.csproj", "{33B83478-C8A5-4FFE-863C-88254B94EC00}"
EndProject
Project("{00D1A9C2-B5F0-4AF3-8072-F6C62B433612}") = "AuthDB", "AuthDB\AuthDB.sqlproj", "{F32C2A91-E79D-4881-B842-46AFC6720425}"
EndProject
Project("{FAE04EC0-301F-11D3-BF4B-00C04F79EFBC}") = "AuthService.DataLibrary", "AuthService.DataLibrary\AuthService.DataLibrary.csproj", "{604319F6-0AED-4501-96FC-CC0AA5CB4B5B}"
EndProject
Global
	GlobalSection(SolutionConfigurationPlatforms) = preSolution
		Debug|Any CPU = Debug|Any CPU
		Release|Any CPU = Release|Any CPU
	EndGlobalSection
	GlobalSection(ProjectConfigurationPlatforms) = postSolution
		{33B83478-C8A5-4FFE-863C-88254B94EC00}.Debug|Any CPU.ActiveCfg = Debug|Any CPU
		{33B83478-C8A5-4FFE-863C-88254B94EC00}.Debug|Any CPU.Build.0 = Debug|Any CPU
		{33B83478-C8A5-4FFE-863C-88254B94EC00}.Release|Any CPU.ActiveCfg = Release|Any CPU
		{33B83478-C8A5-4FFE-863C-88254B94EC00}.Release|Any CPU.Build.0 = Release|Any CPU
		{F32C2A91-E79D-4881-B842-46AFC6720425}.Debug|Any CPU.ActiveCfg = Debug|Any CPU
		{F32C2A91-E79D-4881-B842-46AFC6720425}.Debug|Any CPU.Build.0 = Debug|Any CPU
		{F32C2A91-E79D-4881-B842-46AFC6720425}.Debug|Any CPU.Deploy.0 = Debug|Any CPU
		{F32C2A91-E79D-4881-B842-46AFC6720425}.Release|Any CPU.ActiveCfg = Release|Any CPU
		{F32C2A91-E79D-4881-B842-46AFC6720425}.Release|Any CPU.Build.0 = Release|Any CPU
		{F32C2A91-E79D-4881-B842-46AFC6720425}.Release|Any CPU.Deploy.0 = Release|Any CPU
		{604319F6-0AED-4501-96FC-CC0AA5CB4B5B}.Debug|Any CPU.ActiveCfg = Debug|Any CPU
		{604319F6-0AED-4501-96FC-CC0AA5CB4B5B}.Debug|Any CPU.Build.0 = Debug|Any CPU
		{604319F6-0AED-4501-96FC-CC0AA5CB4B5B}.Release|Any CPU.ActiveCfg = Release|Any CPU
		{604319F6-0AED-4501-96FC-CC0AA5CB4B5B}.Release|Any CPU.Build.0 = Release|Any CPU
	EndGlobalSection
	GlobalSection(SolutionProperties) = preSolution
		HideSolutionNode = FALSE
	EndGlobalSection
	GlobalSection(ExtensibilityGlobals) = postSolution
		SolutionGuid = {8A0C72F5-5148-4004-A206-3B27869C7342}
	EndGlobalSection
EndGlobal
